
Microsoft Visual Studio Solution File, Format Version 12.00
# Visual Studio Version 16
VisualStudioVersion = 16.0.30907.101
MinimumVisualStudioVersion = 10.0.40219.1
Project("{FAE04EC0-301F-11D3-BF4B-00C04F79EFBC}") = "Dota HotKeys", "Dota HotKeys\Dota HotKeys.csproj", "{CE69073C-438E-42ED-A526-E1DD0EAED559}"
EndProject
Global
	GlobalSection(SolutionConfigurationPlatforms) = preSolution
		Debug|Any CPU = Debug|Any CPU
		Release|Any CPU = Release|Any CPU
	EndGlobalSection
	GlobalSection(ProjectConfigurationPlatforms) = postSolution
		{CE69073C-438E-42ED-A526-E1DD0EAED559}.Debug|Any CPU.ActiveCfg = Debug|Any CPU
		{CE69073C-438E-42ED-A526-E1DD0EAED559}.Debug|Any CPU.Build.0 = Debug|Any CPU
		{CE69073C-438E-42ED-A526-E1DD0EAED559}.Release|Any CPU.ActiveCfg = Release|Any CPU
		{CE69073C-438E-42ED-A526-E1DD0EAED559}.Release|Any CPU.Build.0 = Release|Any CPU
	EndGlobalSection
	GlobalSection(SolutionProperties) = preSolution
		HideSolutionNode = FALSE
	EndGlobalSection
	GlobalSection(ExtensibilityGlobals) = postSolution
		SolutionGuid = {203392EB-156D-403E-A2BC-A49F90F2AA26}
	EndGlobalSection
EndGlobal
